{
  "requires": true,
  "lockfileVersion": 1,
  "dependencies": {
    "lodash": {
      "version": "4.17.15",
      "resolved": "https://registry.npmjs.org/lodash/-/lodash-4.17.15.tgz",
      "integrity": "sha512-8xOcRHvCjnocdS5cpwXQXVzmmh5e5+saE2QGoeQmbKmRS6J3VQppPOIt0MnmE+4xlZoumy0GPG0D0MVIQbNA1A=="
    },
    "serverless-api-stage": {
      "version": "1.4.0",
      "resolved": "https://registry.npmjs.org/serverless-api-stage/-/serverless-api-stage-1.4.0.tgz",
      "integrity": "sha512-XSRrwwgGKzKG2bp1hlCHReDbGFYZ5spgmBN6c7lywwBcnpUOisosncv5JJMqXMo3nP1xgSFRtnh5+4gWK5rt3Q==",
      "requires": {
        "lodash": "^4.17.10"
      }
    }
  }
}
